
Microsoft Visual Studio Solution File, Format Version 12.00
Project("{FAE04EC0-301F-11D3-BF4B-00C04F79EFBC}") = "teams-ui", "teams-ui\teams-ui.csproj", "{331CA5C7-D58E-46A1-91C3-23D4FD64B111}"
EndProject
Global
	GlobalSection(SolutionConfigurationPlatforms) = preSolution
		Debug|Any CPU = Debug|Any CPU
		Release|Any CPU = Release|Any CPU
	EndGlobalSection
	GlobalSection(ProjectConfigurationPlatforms) = postSolution
		{331CA5C7-D58E-46A1-91C3-23D4FD64B111}.Debug|Any CPU.ActiveCfg = Debug|Any CPU
		{331CA5C7-D58E-46A1-91C3-23D4FD64B111}.Debug|Any CPU.Build.0 = Debug|Any CPU
		{331CA5C7-D58E-46A1-91C3-23D4FD64B111}.Release|Any CPU.ActiveCfg = Release|Any CPU
		{331CA5C7-D58E-46A1-91C3-23D4FD64B111}.Release|Any CPU.Build.0 = Release|Any CPU
	EndGlobalSection
EndGlobal
